// !$*UTF8*$!
{
	archiveVersion = 1;
	classes = {
	};
	objectVersion = 46;
	objects = {

/* Begin PBXBuildFile section */
		379EFFC11CED4ADC00ECB598 /* main.m in Sources */ = {isa = PBXBuildFile; fileRef = 379EFFC01CED4ADC00ECB598 /* main.m */; };
		379EFFC41CED4ADC00ECB598 /* AppDelegate.m in Sources */ = {isa = PBXBuildFile; fileRef = 379EFFC31CED4ADC00ECB598 /* AppDelegate.m */; };
		379EFFC71CED4ADC00ECB598 /* ViewController.m in Sources */ = {isa = PBXBuildFile; fileRef = 379EFFC61CED4ADC00ECB598 /* ViewController.m */; };
		379EFFCA1CED4ADC00ECB598 /* Main.storyboard in Resources */ = {isa = PBXBuildFile; fileRef = 379EFFC81CED4ADC00ECB598 /* Main.storyboard */; };
		379EFFCC1CED4ADC00ECB598 /* Assets.xcassets in Resources */ = {isa = PBXBuildFile; fileRef = 379EFFCB1CED4ADC00ECB598 /* Assets.xcassets */; };
		379EFFCF1CED4ADC00ECB598 /* LaunchScreen.storyboard in Resources */ = {isa = PBXBuildFile; fileRef = 379EFFCD1CED4ADC00ECB598 /* LaunchScreen.storyboard */; };
		379EFFDA1CED4ADC00ECB598 /* carHomeTests.m in Sources */ = {isa = PBXBuildFile; fileRef = 379EFFD91CED4ADC00ECB598 /* carHomeTests.m */; };
		379EFFE51CED4ADC00ECB598 /* carHomeUITests.m in Sources */ = {isa = PBXBuildFile; fileRef = 379EFFE41CED4ADC00ECB598 /* carHomeUITests.m */; };
		379EFFF41CED5C2C00ECB598 /* YYButton.m in Sources */ = {isa = PBXBuildFile; fileRef = 379EFFF31CED5C2C00ECB598 /* YYButton.m */; };
		379EFFF71CED67FB00ECB598 /* YYShowScrollView.m in Sources */ = {isa = PBXBuildFile; fileRef = 379EFFF61CED67FB00ECB598 /* YYShowScrollView.m */; };
		379EFFFB1CED96B200ECB598 /* YSTopScrview.m in Sources */ = {isa = PBXBuildFile; fileRef = 379EFFFA1CED96B200ECB598 /* YSTopScrview.m */; };
/* End PBXBuildFile section */

/* Begin PBXContainerItemProxy section */
		379EFFD61CED4ADC00ECB598 /* PBXContainerItemProxy */ = {
			isa = PBXContainerItemProxy;
			containerPortal = 379EFFB41CED4ADC00ECB598 /* Project object */;
			proxyType = 1;
			remoteGlobalIDString = 379EFFBB1CED4ADC00ECB598;
			remoteInfo = carHome;
		};
		379EFFE11CED4ADC00ECB598 /* PBXContainerItemProxy */ = {
			isa = PBXContainerItemProxy;
			containerPortal = 379EFFB41CED4ADC00ECB598 /* Project object */;
			proxyType = 1;
			remoteGlobalIDString = 379EFFBB1CED4ADC00ECB598;
			remoteInfo = carHome;
		};
/* End PBXContainerItemProxy section */

/* Begin PBXFileReference section */
		379EFFBC1CED4ADC00ECB598 /* carHome.app */ = {isa = PBXFileReference; explicitFileType = wrapper.application; includeInIndex = 0; path = carHome.app; sourceTree = BUILT_PRODUCTS_DIR; };
		379EFFC01CED4ADC00ECB598 /* main.m */ = {isa = PBXFileReference; lastKnownFileType = sourcecode.c.objc; path = main.m; sourceTree = "<group>"; };
		379EFFC21CED4ADC00ECB598 /* AppDelegate.h */ = {isa = PBXFileReference; lastKnownFileType = sourcecode.c.h; path = AppDelegate.h; sourceTree = "<group>"; };
		379EFFC31CED4ADC00ECB598 /* AppDelegate.m */ = {isa = PBXFileReference; lastKnownFileType = sourcecode.c.objc; path = AppDelegate.m; sourceTree = "<group>"; };
		379EFFC51CED4ADC00ECB598 /* ViewController.h */ = {isa = PBXFileReference; lastKnownFileType = sourcecode.c.h; path = ViewController.h; sourceTree = "<group>"; };
		379EFFC61CED4ADC00ECB598 /* ViewController.m */ = {isa = PBXFileReference; lastKnownFileType = sourcecode.c.objc; path = ViewController.m; sourceTree = "<group>"; };
		379EFFC91CED4ADC00ECB598 /* Base */ = {isa = PBXFileReference; lastKnownFileType = file.storyboard; name = Base; path = Base.lproj/Main.storyboard; sourceTree = "<group>"; };
		379EFFCB1CED4ADC00ECB598 /* Assets.xcassets */ = {isa = PBXFileReference; lastKnownFileType = folder.assetcatalog; path = Assets.xcassets; sourceTree = "<group>"; };
		379EFFCE1CED4ADC00ECB598 /* Base */ = {isa = PBXFileReference; lastKnownFileType = file.storyboard; name = Base; path = Base.lproj/LaunchScreen.storyboard; sourceTree = "<group>"; };
		379EFFD01CED4ADC00ECB598 /* Info.plist */ = {isa = PBXFileReference; lastKnownFileType = text.plist.xml; path = Info.plist; sourceTree = "<group>"; };
		379EFFD51CED4ADC00ECB598 /* carHomeTests.xctest */ = {isa = PBXFileReference; explicitFileType = wrapper.cfbundle; includeInIndex = 0; path = carHomeTests.xctest; sourceTree = BUILT_PRODUCTS_DIR; };
		379EFFD91CED4ADC00ECB598 /* carHomeTests.m */ = {isa = PBXFileReference; lastKnownFileType = sourcecode.c.objc; path = carHomeTests.m; sourceTree = "<group>"; };
		379EFFDB1CED4ADC00ECB598 /* Info.plist */ = {isa = PBXFileReference; lastKnownFileType = text.plist.xml; path = Info.plist; sourceTree = "<group>"; };
		379EFFE01CED4ADC00ECB598 /* carHomeUITests.xctest */ = {isa = PBXFileReference; explicitFileType = wrapper.cfbundle; includeInIndex = 0; path = carHomeUITests.xctest; sourceTree = BUILT_PRODUCTS_DIR; };
		379EFFE41CED4ADC00ECB598 /* carHomeUITests.m */ = {isa = PBXFileReference; lastKnownFileType = sourcecode.c.objc; path = carHomeUITests.m; sourceTree = "<group>"; };
		379EFFE61CED4ADC00ECB598 /* Info.plist */ = {isa = PBXFileReference; lastKnownFileType = text.plist.xml; path = Info.plist; sourceTree = "<group>"; };
		379EFFF21CED5C2C00ECB598 /* YYButton.h */ = {isa = PBXFileReference; fileEncoding = 4; lastKnownFileType = sourcecode.c.h; path = YYButton.h; sourceTree = "<group>"; };
		379EFFF31CED5C2C00ECB598 /* YYButton.m */ = {isa = PBXFileReference; fileEncoding = 4; lastKnownFileType = sourcecode.c.objc; path = YYButton.m; sourceTree = "<group>"; };
		379EFFF51CED67FB00ECB598 /* YYShowScrollView.h */ = {isa = PBXFileReference; fileEncoding = 4; lastKnownFileType = sourcecode.c.h; path = YYShowScrollView.h; sourceTree = "<group>"; };
		379EFFF61CED67FB00ECB598 /* YYShowScrollView.m */ = {isa = PBXFileReference; fileEncoding = 4; lastKnownFileType = sourcecode.c.objc; path = YYShowScrollView.m; sourceTree = "<group>"; };
		379EFFF91CED96B200ECB598 /* YSTopScrview.h */ = {isa = PBXFileReference; fileEncoding = 4; lastKnownFileType = sourcecode.c.h; path = YSTopScrview.h; sourceTree = "<group>"; };
		379EFFFA1CED96B200ECB598 /* YSTopScrview.m */ = {isa = PBXFileReference; fileEncoding = 4; lastKnownFileType = sourcecode.c.objc; path = YSTopScrview.m; sourceTree = "<group>"; };
/* End PBXFileReference section */

/* Begin PBXFrameworksBuildPhase section */
		379EFFB91CED4ADC00ECB598 /* Frameworks */ = {
			isa = PBXFrameworksBuildPhase;
			buildActionMask = 2147483647;
			files = (
			);
			runOnlyForDeploymentPostprocessing = 0;
		};
		379EFFD21CED4ADC00ECB598 /* Frameworks */ = {
			isa = PBXFrameworksBuildPhase;
			buildActionMask = 2147483647;
			files = (
			);
			runOnlyForDeploymentPostprocessing = 0;
		};
		379EFFDD1CED4ADC00ECB598 /* Frameworks */ = {
			isa = PBXFrameworksBuildPhase;
			buildActionMask = 2147483647;
			files = (
			);
			runOnlyForDeploymentPostprocessing = 0;
		};
/* End PBXFrameworksBuildPhase section */

/* Begin PBXGroup section */
		379EFFB31CED4ADC00ECB598 = {
			isa = PBXGroup;
			children = (
				379EFFBE1CED4ADC00ECB598 /* carHome */,
				379EFFD81CED4ADC00ECB598 /* carHomeTests */,
				379EFFE31CED4ADC00ECB598 /* carHomeUITests */,
				379EFFBD1CED4ADC00ECB598 /* Products */,
			);
			sourceTree = "<group>";
		};
		379EFFBD1CED4ADC00ECB598 /* Products */ = {
			isa = PBXGroup;
			children = (
				379EFFBC1CED4ADC00ECB598 /* carHome.app */,
				379EFFD51CED4ADC00ECB598 /* carHomeTests.xctest */,
				379EFFE01CED4ADC00ECB598 /* carHomeUITests.xctest */,
			);
			name = Products;
			sourceTree = "<group>";
		};
		379EFFBE1CED4ADC00ECB598 /* carHome */ = {
			isa = PBXGroup;
			children = (
				379EFFF81CED96A600ECB598 /* ys */,
				379EFFC21CED4ADC00ECB598 /* AppDelegate.h */,
				379EFFC31CED4ADC00ECB598 /* AppDelegate.m */,
				379EFFC51CED4ADC00ECB598 /* ViewController.h */,
				379EFFC61CED4ADC00ECB598 /* ViewController.m */,
				379EFFF51CED67FB00ECB598 /* YYShowScrollView.h */,
				379EFFF61CED67FB00ECB598 /* YYShowScrollView.m */,
				379EFFF21CED5C2C00ECB598 /* YYButton.h */,
				379EFFF31CED5C2C00ECB598 /* YYButton.m */,
				379EFFC81CED4ADC00ECB598 /* Main.storyboard */,
				379EFFCB1CED4ADC00ECB598 /* Assets.xcassets */,
				379EFFCD1CED4ADC00ECB598 /* LaunchScreen.storyboard */,
				379EFFD01CED4ADC00ECB598 /* Info.plist */,
				379EFFBF1CED4ADC00ECB598 /* Supporting Files */,
			);
			path = carHome;
			sourceTree = "<group>";
		};
		379EFFBF1CED4ADC00ECB598 /* Supporting Files */ = {
			isa = PBXGroup;
			children = (
				379EFFC01CED4ADC00ECB598 /* main.m */,
			);
			name = "Supporting Files";
			sourceTree = "<group>";
		};
		379EFFD81CED4ADC00ECB598 /* carHomeTests */ = {
			isa = PBXGroup;
			children = (
				379EFFD91CED4ADC00ECB598 /* carHomeTests.m */,
				379EFFDB1CED4ADC00ECB598 /* Info.plist */,
			);
			path = carHomeTests;
			sourceTree = "<group>";
		};
		379EFFE31CED4ADC00ECB598 /* carHomeUITests */ = {
			isa = PBXGroup;
			children = (
				379EFFE41CED4ADC00ECB598 /* carHomeUITests.m */,
				379EFFE61CED4ADC00ECB598 /* Info.plist */,
			);
			path = carHomeUITests;
			sourceTree = "<group>";
		};
		379EFFF81CED96A600ECB598 /* ys */ = {
			isa = PBXGroup;
			children = (
				379EFFF91CED96B200ECB598 /* YSTopScrview.h */,
				379EFFFA1CED96B200ECB598 /* YSTopScrview.m */,
			);
			name = ys;
			sourceTree = "<group>";
		};
/* End PBXGroup section */

/* Begin PBXNativeTarget section */
		379EFFBB1CED4ADC00ECB598 /* carHome */ = {
			isa = PBXNativeTarget;
			buildConfigurationList = 379EFFE91CED4ADC00ECB598 /* Build configuration list for PBXNativeTarget "carHome" */;
			buildPhases = (
				379EFFB81CED4ADC00ECB598 /* Sources */,
				379EFFB91CED4ADC00ECB598 /* Frameworks */,
				379EFFBA1CED4ADC00ECB598 /* Resources */,
			);
			buildRules = (
			);
			dependencies = (
			);
			name = carHome;
			productName = carHome;
			productReference = 379EFFBC1CED4ADC00ECB598 /* carHome.app */;
			productType = "com.apple.product-type.application";
		};
		379EFFD41CED4ADC00ECB598 /* carHomeTests */ = {
			isa = PBXNativeTarget;
			buildConfigurationList = 379EFFEC1CED4ADC00ECB598 /* Build configuration list for PBXNativeTarget "carHomeTests" */;
			buildPhases = (
				379EFFD11CED4ADC00ECB598 /* Sources */,
				379EFFD21CED4ADC00ECB598 /* Frameworks */,
				379EFFD31CED4ADC00ECB598 /* Resources */,
			);
			buildRules = (
			);
			dependencies = (
				379EFFD71CED4ADC00ECB598 /* PBXTargetDependency */,
			);
			name = carHomeTests;
			productName = carHomeTests;
			productReference = 379EFFD51CED4ADC00ECB598 /* carHomeTests.xctest */;
			productType = "com.apple.product-type.bundle.unit-test";
		};
		379EFFDF1CED4ADC00ECB598 /* carHomeUITests */ = {
			isa = PBXNativeTarget;
			buildConfigurationList = 379EFFEF1CED4ADC00ECB598 /* Build configuration list for PBXNativeTarget "carHomeUITests" */;
			buildPhases = (
				379EFFDC1CED4ADC00ECB598 /* Sources */,
				379EFFDD1CED4ADC00ECB598 /* Frameworks */,
				379EFFDE1CED4ADC00ECB598 /* Resources */,
			);
			buildRules = (
			);
			dependencies = (
				379EFFE21CED4ADC00ECB598 /* PBXTargetDependency */,
			);
			name = carHomeUITests;
			productName = carHomeUITests;
			productReference = 379EFFE01CED4ADC00ECB598 /* carHomeUITests.xctest */;
			productType = "com.apple.product-type.bundle.ui-testing";
		};
/* End PBXNativeTarget section */

/* Begin PBXProject section */
		379EFFB41CED4ADC00ECB598 /* Project object */ = {
			isa = PBXProject;
			attributes = {
				CLASSPREFIX = YY;
				LastUpgradeCheck = 0720;
				ORGANIZATIONNAME = yy;
				TargetAttributes = {
					379EFFBB1CED4ADC00ECB598 = {
						CreatedOnToolsVersion = 7.2;
					};
					379EFFD41CED4ADC00ECB598 = {
						CreatedOnToolsVersion = 7.2;
						TestTargetID = 379EFFBB1CED4ADC00ECB598;
					};
					379EFFDF1CED4ADC00ECB598 = {
						CreatedOnToolsVersion = 7.2;
						TestTargetID = 379EFFBB1CED4ADC00ECB598;
					};
				};
			};
			buildConfigurationList = 379EFFB71CED4ADC00ECB598 /* Build configuration list for PBXProject "carHome" */;
			compatibilityVersion = "Xcode 3.2";
			developmentRegion = English;
			hasScannedForEncodings = 0;
			knownRegions = (
				en,
				Base,
			);
			mainGroup = 379EFFB31CED4ADC00ECB598;
			productRefGroup = 379EFFBD1CED4ADC00ECB598 /* Products */;
			projectDirPath = "";
			projectRoot = "";
			targets = (
				379EFFBB1CED4ADC00ECB598 /* carHome */,
				379EFFD41CED4ADC00ECB598 /* carHomeTests */,
				379EFFDF1CED4ADC00ECB598 /* carHomeUITests */,
			);
		};
/* End PBXProject section */

/* Begin PBXResourcesBuildPhase section */
		379EFFBA1CED4ADC00ECB598 /* Resources */ = {
			isa = PBXResourcesBuildPhase;
			buildActionMask = 2147483647;
			files = (
				379EFFCF1CED4ADC00ECB598 /* LaunchScreen.storyboard in Resources */,
				379EFFCC1CED4ADC00ECB598 /* Assets.xcassets in Resources */,
				379EFFCA1CED4ADC00ECB598 /* Main.storyboard in Resources */,
			);
			runOnlyForDeploymentPostprocessing = 0;
		};
		379EFFD31CED4ADC00ECB598 /* Resources */ = {
			isa = PBXResourcesBuildPhase;
			buildActionMask = 2147483647;
			files = (
			);
			runOnlyForDeploymentPostprocessing = 0;
		};
		379EFFDE1CED4ADC00ECB598 /* Resources */ = {
			isa = PBXResourcesBuildPhase;
			buildActionMask = 2147483647;
			files = (
			);
			runOnlyForDeploymentPostprocessing = 0;
		};
/* End PBXResourcesBuildPhase section */

/* Begin PBXSourcesBuildPhase section */
		379EFFB81CED4ADC00ECB598 /* Sources */ = {
			isa = PBXSourcesBuildPhase;
			buildActionMask = 2147483647;
			files = (
				379EFFC71CED4ADC00ECB598 /* ViewController.m in Sources */,
				379EFFFB1CED96B200ECB598 /* YSTopScrview.m in Sources */,
				379EFFC41CED4ADC00ECB598 /* AppDelegate.m in Sources */,
				379EFFC11CED4ADC00ECB598 /* main.m in Sources */,
				379EFFF71CED67FB00ECB598 /* YYShowScrollView.m in Sources */,
				379EFFF41CED5C2C00ECB598 /* YYButton.m in Sources */,
			);
			runOnlyForDeploymentPostprocessing = 0;
		};
		379EFFD11CED4ADC00ECB598 /* Sources */ = {
			isa = PBXSourcesBuildPhase;
			buildActionMask = 2147483647;
			files = (
				379EFFDA1CED4ADC00ECB598 /* carHomeTests.m in Sources */,
			);
			runOnlyForDeploymentPostprocessing = 0;
		};
		379EFFDC1CED4ADC00ECB598 /* Sources */ = {
			isa = PBXSourcesBuildPhase;
			buildActionMask = 2147483647;
			files = (
				379EFFE51CED4ADC00ECB598 /* carHomeUITests.m in Sources */,
			);
			runOnlyForDeploymentPostprocessing = 0;
		};
/* End PBXSourcesBuildPhase section */

/* Begin PBXTargetDependency section */
		379EFFD71CED4ADC00ECB598 /* PBXTargetDependency */ = {
			isa = PBXTargetDependency;
			target = 379EFFBB1CED4ADC00ECB598 /* carHome */;
			targetProxy = 379EFFD61CED4ADC00ECB598 /* PBXContainerItemProxy */;
		};
		379EFFE21CED4ADC00ECB598 /* PBXTargetDependency */ = {
			isa = PBXTargetDependency;
			target = 379EFFBB1CED4ADC00ECB598 /* carHome */;
			targetProxy = 379EFFE11CED4ADC00ECB598 /* PBXContainerItemProxy */;
		};
/* End PBXTargetDependency section */

/* Begin PBXVariantGroup section */
		379EFFC81CED4ADC00ECB598 /* Main.storyboard */ = {
			isa = PBXVariantGroup;
			children = (
				379EFFC91CED4ADC00ECB598 /* Base */,
			);
			name = Main.storyboard;
			sourceTree = "<group>";
		};
		379EFFCD1CED4ADC00ECB598 /* LaunchScreen.storyboard */ = {
			isa = PBXVariantGroup;
			children = (
				379EFFCE1CED4ADC00ECB598 /* Base */,
			);
			name = LaunchScreen.storyboard;
			sourceTree = "<group>";
		};
/* End PBXVariantGroup section */

/* Begin XCBuildConfiguration section */
		379EFFE71CED4ADC00ECB598 /* Debug */ = {
			isa = XCBuildConfiguration;
			buildSettings = {
				ALWAYS_SEARCH_USER_PATHS = NO;
				CLANG_CXX_LANGUAGE_STANDARD = "gnu++0x";
				CLANG_CXX_LIBRARY = "libc++";
				CLANG_ENABLE_MODULES = YES;
				CLANG_ENABLE_OBJC_ARC = YES;
				CLANG_WARN_BOOL_CONVERSION = YES;
				CLANG_WARN_CONSTANT_CONVERSION = YES;
				CLANG_WARN_DIRECT_OBJC_ISA_USAGE = YES_ERROR;
				CLANG_WARN_EMPTY_BODY = YES;
				CLANG_WARN_ENUM_CONVERSION = YES;
				CLANG_WARN_INT_CONVERSION = YES;
				CLANG_WARN_OBJC_ROOT_CLASS = YES_ERROR;
				CLANG_WARN_UNREACHABLE_CODE = YES;
				CLANG_WARN__DUPLICATE_METHOD_MATCH = YES;
				"CODE_SIGN_IDENTITY[sdk=iphoneos*]" = "iPhone Developer";
				COPY_PHASE_STRIP = NO;
				DEBUG_INFORMATION_FORMAT = dwarf;
				ENABLE_STRICT_OBJC_MSGSEND = YES;
				ENABLE_TESTABILITY = YES;
				GCC_C_LANGUAGE_STANDARD = gnu99;
				GCC_DYNAMIC_NO_PIC = NO;
				GCC_NO_COMMON_BLOCKS = YES;
				GCC_OPTIMIZATION_LEVEL = 0;
				GCC_PREPROCESSOR_DEFINITIONS = (
					"DEBUG=1",
					"$(inherited)",
				);
				GCC_WARN_64_TO_32_BIT_CONVERSION = YES;
				GCC_WARN_ABOUT_RETURN_TYPE = YES_ERROR;
				GCC_WARN_UNDECLARED_SELECTOR = YES;
				GCC_WARN_UNINITIALIZED_AUTOS = YES_AGGRESSIVE;
				GCC_WARN_UNUSED_FUNCTION = YES;
				GCC_WARN_UNUSED_VARIABLE = YES;
				IPHONEOS_DEPLOYMENT_TARGET = 9.2;
				MTL_ENABLE_DEBUG_INFO = YES;
				ONLY_ACTIVE_ARCH = YES;
				SDKROOT = iphoneos;
				TARGETED_DEVICE_FAMILY = "1,2";
			};
			name = Debug;
		};
		379EFFE81CED4ADC00ECB598 /* Release */ = {
			isa = XCBuildConfiguration;
			buildSettings = {
				ALWAYS_SEARCH_USER_PATHS = NO;
				CLANG_CXX_LANGUAGE_STANDARD = "gnu++0x";
				CLANG_CXX_LIBRARY = "libc++";
				CLANG_ENABLE_MODULES = YES;
				CLANG_ENABLE_OBJC_ARC = YES;
				CLANG_WARN_BOOL_CONVERSION = YES;
				CLANG_WARN_CONSTANT_CONVERSION = YES;
				CLANG_WARN_DIRECT_OBJC_ISA_USAGE = YES_ERROR;
				CLANG_WARN_EMPTY_BODY = YES;
				CLANG_WARN_ENUM_CONVERSION = YES;
				CLANG_WARN_INT_CONVERSION = YES;
				CLANG_WARN_OBJC_ROOT_CLASS = YES_ERROR;
				CLANG_WARN_UNREACHABLE_CODE = YES;
				CLANG_WARN__DUPLICATE_METHOD_MATCH = YES;
				"CODE_SIGN_IDENTITY[sdk=iphoneos*]" = "iPhone Developer";
				COPY_PHASE_STRIP = NO;
				DEBUG_INFORMATION_FORMAT = "dwarf-with-dsym";
				ENABLE_NS_ASSERTIONS = NO;
				ENABLE_STRICT_OBJC_MSGSEND = YES;
				GCC_C_LANGUAGE_STANDARD = gnu99;
				GCC_NO_COMMON_BLOCKS = YES;
				GCC_WARN_64_TO_32_BIT_CONVERSION = YES;
				GCC_WARN_ABOUT_RETURN_TYPE = YES_ERROR;
				GCC_WARN_UNDECLARED_SELECTOR = YES;
				GCC_WARN_UNINITIALIZED_AUTOS = YES_AGGRESSIVE;
				GCC_WARN_UNUSED_FUNCTION = YES;
				GCC_WARN_UNUSED_VARIABLE = YES;
				IPHONEOS_DEPLOYMENT_TARGET = 9.2;
				MTL_ENABLE_DEBUG_INFO = NO;
				SDKROOT = iphoneos;
				TARGETED_DEVICE_FAMILY = "1,2";
				VALIDATE_PRODUCT = YES;
			};
			name = Release;
		};
		379EFFEA1CED4ADC00ECB598 /* Debug */ = {
			isa = XCBuildConfiguration;
			buildSettings = {
				ASSETCATALOG_COMPILER_APPICON_NAME = AppIcon;
				INFOPLIST_FILE = carHome/Info.plist;
				LD_RUNPATH_SEARCH_PATHS = "$(inherited) @executable_path/Frameworks";
				PRODUCT_BUNDLE_IDENTIFIER = wwwying9.carHome;
				PRODUCT_NAME = "$(TARGET_NAME)";
			};
			name = Debug;
		};
		379EFFEB1CED4ADC00ECB598 /* Release */ = {
			isa = XCBuildConfiguration;
			buildSettings = {
				ASSETCATALOG_COMPILER_APPICON_NAME = AppIcon;
				INFOPLIST_FILE = carHome/Info.plist;
				LD_RUNPATH_SEARCH_PATHS = "$(inherited) @executable_path/Frameworks";
				PRODUCT_BUNDLE_IDENTIFIER = wwwying9.carHome;
				PRODUCT_NAME = "$(TARGET_NAME)";
			};
			name = Release;
		};
		379EFFED1CED4ADC00ECB598 /* Debug */ = {
			isa = XCBuildConfiguration;
			buildSettings = {
				BUNDLE_LOADER = "$(TEST_HOST)";
				INFOPLIST_FILE = carHomeTests/Info.plist;
				LD_RUNPATH_SEARCH_PATHS = "$(inherited) @executable_path/Frameworks @loader_path/Frameworks";
				PRODUCT_BUNDLE_IDENTIFIER = wwwying9.carHomeTests;
				PRODUCT_NAME = "$(TARGET_NAME)";
				TEST_HOST = "$(BUILT_PRODUCTS_DIR)/carHome.app/carHome";
			};
			name = Debug;
		};
		379EFFEE1CED4ADC00ECB598 /* Release */ = {
			isa = XCBuildConfiguration;
			buildSettings = {
				BUNDLE_LOADER = "$(TEST_HOST)";
				INFOPLIST_FILE = carHomeTests/Info.plist;
				LD_RUNPATH_SEARCH_PATHS = "$(inherited) @executable_path/Frameworks @loader_path/Frameworks";
				PRODUCT_BUNDLE_IDENTIFIER = wwwying9.carHomeTests;
				PRODUCT_NAME = "$(TARGET_NAME)";
				TEST_HOST = "$(BUILT_PRODUCTS_DIR)/carHome.app/carHome";
			};
			name = Release;
		};
		379EFFF01CED4ADC00ECB598 /* Debug */ = {
			isa = XCBuildConfiguration;
			buildSettings = {
				INFOPLIST_FILE = carHomeUITests/Info.plist;
				LD_RUNPATH_SEARCH_PATHS = "$(inherited) @executable_path/Frameworks @loader_path/Frameworks";
				PRODUCT_BUNDLE_IDENTIFIER = wwwying9.carHomeUITests;
				PRODUCT_NAME = "$(TARGET_NAME)";
				TEST_TARGET_NAME = carHome;
				USES_XCTRUNNER = YES;
			};
			name = Debug;
		};
		379EFFF11CED4ADC00ECB598 /* Release */ = {
			isa = XCBuildConfiguration;
			buildSettings = {
				INFOPLIST_FILE = carHomeUITests/Info.plist;
				LD_RUNPATH_SEARCH_PATHS = "$(inherited) @executable_path/Frameworks @loader_path/Frameworks";
				PRODUCT_BUNDLE_IDENTIFIER = wwwying9.carHomeUITests;
				PRODUCT_NAME = "$(TARGET_NAME)";
				TEST_TARGET_NAME = carHome;
				USES_XCTRUNNER = YES;
			};
			name = Release;
		};
/* End XCBuildConfiguration section */

/* Begin XCConfigurationList section */
		379EFFB71CED4ADC00ECB598 /* Build configuration list for PBXProject "carHome" */ = {
			isa = XCConfigurationList;
			buildConfigurations = (
				379EFFE71CED4ADC00ECB598 /* Debug */,
				379EFFE81CED4ADC00ECB598 /* Release */,
			);
			defaultConfigurationIsVisible = 0;
			defaultConfigurationName = Release;
		};
		379EFFE91CED4ADC00ECB598 /* Build configuration list for PBXNativeTarget "carHome" */ = {
			isa = XCConfigurationList;
			buildConfigurations = (
				379EFFEA1CED4ADC00ECB598 /* Debug */,
				379EFFEB1CED4ADC00ECB598 /* Release */,
			);
			defaultConfigurationIsVisible = 0;
			defaultConfigurationName = Release;
		};
		379EFFEC1CED4ADC00ECB598 /* Build configuration list for PBXNativeTarget "carHomeTests" */ = {
			isa = XCConfigurationList;
			buildConfigurations = (
				379EFFED1CED4ADC00ECB598 /* Debug */,
				379EFFEE1CED4ADC00ECB598 /* Release */,
			);
			defaultConfigurationIsVisible = 0;
			defaultConfigurationName = Release;
		};
		379EFFEF1CED4ADC00ECB598 /* Build configuration list for PBXNativeTarget "carHomeUITests" */ = {
			isa = XCConfigurationList;
			buildConfigurations = (
				379EFFF01CED4ADC00ECB598 /* Debug */,
				379EFFF11CED4ADC00ECB598 /* Release */,
			);
			defaultConfigurationIsVisible = 0;
			defaultConfigurationName = Release;
		};
/* End XCConfigurationList section */
	};
	rootObject = 379EFFB41CED4ADC00ECB598 /* Project object */;
}
